
Microsoft Visual Studio Solution File, Format Version 12.00
# Visual Studio Version 17
VisualStudioVersion = 17.14.36221.1
MinimumVisualStudioVersion = 10.0.40219.1
Project("{FAE04EC0-301F-11D3-BF4B-00C04F79EFBC}") = "SquoundApp_v1", "SquoundApp_v1\SquoundApp_v1.csproj", "{E737ED2F-FDBE-4AA8-8B09-C15E5D439B0A}"
EndProject
Project("{FAE04EC0-301F-11D3-BF4B-00C04F79EFBC}") = "SquoundApi", "SquoundApi\SquoundApi.csproj", "{1FB98F42-64DA-4331-8CA0-BA2034572291}"
EndProject
Global
	GlobalSection(SolutionConfigurationPlatforms) = preSolution
		Debug|Any CPU = Debug|Any CPU
		Release|Any CPU = Release|Any CPU
	EndGlobalSection
	GlobalSection(ProjectConfigurationPlatforms) = postSolution
		{E737ED2F-FDBE-4AA8-8B09-C15E5D439B0A}.Debug|Any CPU.ActiveCfg = Debug|Any CPU
		{E737ED2F-FDBE-4AA8-8B09-C15E5D439B0A}.Debug|Any CPU.Build.0 = Debug|Any CPU
		{E737ED2F-FDBE-4AA8-8B09-C15E5D439B0A}.Debug|Any CPU.Deploy.0 = Debug|Any CPU
		{E737ED2F-FDBE-4AA8-8B09-C15E5D439B0A}.Release|Any CPU.ActiveCfg = Release|Any CPU
		{E737ED2F-FDBE-4AA8-8B09-C15E5D439B0A}.Release|Any CPU.Build.0 = Release|Any CPU
		{1FB98F42-64DA-4331-8CA0-BA2034572291}.Debug|Any CPU.ActiveCfg = Debug|Any CPU
		{1FB98F42-64DA-4331-8CA0-BA2034572291}.Debug|Any CPU.Build.0 = Debug|Any CPU
		{1FB98F42-64DA-4331-8CA0-BA2034572291}.Release|Any CPU.ActiveCfg = Release|Any CPU
		{1FB98F42-64DA-4331-8CA0-BA2034572291}.Release|Any CPU.Build.0 = Release|Any CPU
	EndGlobalSection
	GlobalSection(SolutionProperties) = preSolution
		HideSolutionNode = FALSE
	EndGlobalSection
	GlobalSection(ExtensibilityGlobals) = postSolution
		SolutionGuid = {350F971F-D2A1-4C20-B785-F8DE5E78A9EA}
	EndGlobalSection
EndGlobal
